// !$*UTF8*$!
{
	archiveVersion = 1;
	classes = {
	};
	objectVersion = 46;
	objects = {

/* Begin PBXBuildFile section */
		0F6F9F631F6FCAE400B5F0F3 /* AppDelegate.swift in Sources */ = {isa = PBXBuildFile; fileRef = 0F6F9F621F6FCAE400B5F0F3 /* AppDelegate.swift */; };
		0F6F9F651F6FCAE400B5F0F3 /* SignInViewController.swift in Sources */ = {isa = PBXBuildFile; fileRef = 0F6F9F641F6FCAE400B5F0F3 /* SignInViewController.swift */; };
		0F6F9F681F6FCAE400B5F0F3 /* Main.storyboard in Resources */ = {isa = PBXBuildFile; fileRef = 0F6F9F661F6FCAE400B5F0F3 /* Main.storyboard */; };
		0F6F9F6A1F6FCAE400B5F0F3 /* Assets.xcassets in Resources */ = {isa = PBXBuildFile; fileRef = 0F6F9F691F6FCAE400B5F0F3 /* Assets.xcassets */; };
		0F6F9F6D1F6FCAE400B5F0F3 /* LaunchScreen.storyboard in Resources */ = {isa = PBXBuildFile; fileRef = 0F6F9F6B1F6FCAE400B5F0F3 /* LaunchScreen.storyboard */; };
		0F6F9F751F6FF19400B5F0F3 /* GoogleService-Info.plist in Resources */ = {isa = PBXBuildFile; fileRef = 0F6F9F741F6FF19400B5F0F3 /* GoogleService-Info.plist */; };
		7DD343A6A815D6DC7BA4EE75 /* Pods_SnapChat.framework in Frameworks */ = {isa = PBXBuildFile; fileRef = A68F4A1D5624AF2F078CF0A0 /* Pods_SnapChat.framework */; };
/* End PBXBuildFile section */

/* Begin PBXFileReference section */
		0F6F9F5F1F6FCAE400B5F0F3 /* SnapChat.app */ = {isa = PBXFileReference; explicitFileType = wrapper.application; includeInIndex = 0; path = SnapChat.app; sourceTree = BUILT_PRODUCTS_DIR; };
		0F6F9F621F6FCAE400B5F0F3 /* AppDelegate.swift */ = {isa = PBXFileReference; lastKnownFileType = sourcecode.swift; path = AppDelegate.swift; sourceTree = "<group>"; };
		0F6F9F641F6FCAE400B5F0F3 /* SignInViewController.swift */ = {isa = PBXFileReference; lastKnownFileType = sourcecode.swift; path = SignInViewController.swift; sourceTree = "<group>"; };
		0F6F9F671F6FCAE400B5F0F3 /* Base */ = {isa = PBXFileReference; lastKnownFileType = file.storyboard; name = Base; path = Base.lproj/Main.storyboard; sourceTree = "<group>"; };
		0F6F9F691F6FCAE400B5F0F3 /* Assets.xcassets */ = {isa = PBXFileReference; lastKnownFileType = folder.assetcatalog; path = Assets.xcassets; sourceTree = "<group>"; };
		0F6F9F6C1F6FCAE400B5F0F3 /* Base */ = {isa = PBXFileReference; lastKnownFileType = file.storyboard; name = Base; path = Base.lproj/LaunchScreen.storyboard; sourceTree = "<group>"; };
		0F6F9F6E1F6FCAE400B5F0F3 /* Info.plist */ = {isa = PBXFileReference; lastKnownFileType = text.plist.xml; path = Info.plist; sourceTree = "<group>"; };
		0F6F9F741F6FF19400B5F0F3 /* GoogleService-Info.plist */ = {isa = PBXFileReference; fileEncoding = 4; lastKnownFileType = text.plist.xml; path = "GoogleService-Info.plist"; sourceTree = "<group>"; };
		52957890A2D5E8584875F2B7 /* Pods-SnapChat.release.xcconfig */ = {isa = PBXFileReference; includeInIndex = 1; lastKnownFileType = text.xcconfig; name = "Pods-SnapChat.release.xcconfig"; path = "Pods/Target Support Files/Pods-SnapChat/Pods-SnapChat.release.xcconfig"; sourceTree = "<group>"; };
		9986AA70005F9DFCD3327CAF /* Pods-SnapChat.debug.xcconfig */ = {isa = PBXFileReference; includeInIndex = 1; lastKnownFileType = text.xcconfig; name = "Pods-SnapChat.debug.xcconfig"; path = "Pods/Target Support Files/Pods-SnapChat/Pods-SnapChat.debug.xcconfig"; sourceTree = "<group>"; };
		A68F4A1D5624AF2F078CF0A0 /* Pods_SnapChat.framework */ = {isa = PBXFileReference; explicitFileType = wrapper.framework; includeInIndex = 0; path = Pods_SnapChat.framework; sourceTree = BUILT_PRODUCTS_DIR; };
/* End PBXFileReference section */

/* Begin PBXFrameworksBuildPhase section */
		0F6F9F5C1F6FCAE400B5F0F3 /* Frameworks */ = {
			isa = PBXFrameworksBuildPhase;
			buildActionMask = 2147483647;
			files = (
				7DD343A6A815D6DC7BA4EE75 /* Pods_SnapChat.framework in Frameworks */,
			);
			runOnlyForDeploymentPostprocessing = 0;
		};
/* End PBXFrameworksBuildPhase section */

/* Begin PBXGroup section */
		0F6F9F561F6FCAE400B5F0F3 = {
			isa = PBXGroup;
			children = (
				0F6F9F611F6FCAE400B5F0F3 /* SnapChat */,
				0F6F9F601F6FCAE400B5F0F3 /* Products */,
				F6E9F40EF111D320B6D11894 /* Pods */,
				DCA8268025298B17CC1A01C0 /* Frameworks */,
			);
			sourceTree = "<group>";
		};
		0F6F9F601F6FCAE400B5F0F3 /* Products */ = {
			isa = PBXGroup;
			children = (
				0F6F9F5F1F6FCAE400B5F0F3 /* SnapChat.app */,
			);
			name = Products;
			sourceTree = "<group>";
		};
		0F6F9F611F6FCAE400B5F0F3 /* SnapChat */ = {
			isa = PBXGroup;
			children = (
				0F6F9F621F6FCAE400B5F0F3 /* AppDelegate.swift */,
				0F6F9F641F6FCAE400B5F0F3 /* SignInViewController.swift */,
				0F6F9F661F6FCAE400B5F0F3 /* Main.storyboard */,
				0F6F9F691F6FCAE400B5F0F3 /* Assets.xcassets */,
				0F6F9F6B1F6FCAE400B5F0F3 /* LaunchScreen.storyboard */,
				0F6F9F6E1F6FCAE400B5F0F3 /* Info.plist */,
				0F6F9F741F6FF19400B5F0F3 /* GoogleService-Info.plist */,
			);
			path = SnapChat;
			sourceTree = "<group>";
		};
		DCA8268025298B17CC1A01C0 /* Frameworks */ = {
			isa = PBXGroup;
			children = (
				A68F4A1D5624AF2F078CF0A0 /* Pods_SnapChat.framework */,
			);
			name = Frameworks;
			sourceTree = "<group>";
		};
		F6E9F40EF111D320B6D11894 /* Pods */ = {
			isa = PBXGroup;
			children = (
				9986AA70005F9DFCD3327CAF /* Pods-SnapChat.debug.xcconfig */,
				52957890A2D5E8584875F2B7 /* Pods-SnapChat.release.xcconfig */,
			);
			name = Pods;
			sourceTree = "<group>";
		};
/* End PBXGroup section */

/* Begin PBXNativeTarget section */
		0F6F9F5E1F6FCAE400B5F0F3 /* SnapChat */ = {
			isa = PBXNativeTarget;
			buildConfigurationList = 0F6F9F711F6FCAE400B5F0F3 /* Build configuration list for PBXNativeTarget "SnapChat" */;
			buildPhases = (
				A30D0AF37FEDC62749E18DAF /* [CP] Check Pods Manifest.lock */,
				0F6F9F5B1F6FCAE400B5F0F3 /* Sources */,
				0F6F9F5C1F6FCAE400B5F0F3 /* Frameworks */,
				0F6F9F5D1F6FCAE400B5F0F3 /* Resources */,
				2E35D48C75D5643ECE2BFD88 /* [CP] Embed Pods Frameworks */,
				96AF6A6664251EFDB47A0C44 /* [CP] Copy Pods Resources */,
			);
			buildRules = (
			);
			dependencies = (
			);
			name = SnapChat;
			productName = SnapChat;
			productReference = 0F6F9F5F1F6FCAE400B5F0F3 /* SnapChat.app */;
			productType = "com.apple.product-type.application";
		};
/* End PBXNativeTarget section */

/* Begin PBXProject section */
		0F6F9F571F6FCAE400B5F0F3 /* Project object */ = {
			isa = PBXProject;
			attributes = {
				LastSwiftUpdateCheck = 0830;
				LastUpgradeCheck = 0830;
				ORGANIZATIONNAME = "ZND Code";
				TargetAttributes = {
					0F6F9F5E1F6FCAE400B5F0F3 = {
						CreatedOnToolsVersion = 8.3.3;
						DevelopmentTeam = TG7VCJP2SB;
						ProvisioningStyle = Automatic;
					};
				};
			};
			buildConfigurationList = 0F6F9F5A1F6FCAE400B5F0F3 /* Build configuration list for PBXProject "SnapChat" */;
			compatibilityVersion = "Xcode 3.2";
			developmentRegion = English;
			hasScannedForEncodings = 0;
			knownRegions = (
				en,
				Base,
			);
			mainGroup = 0F6F9F561F6FCAE400B5F0F3;
			productRefGroup = 0F6F9F601F6FCAE400B5F0F3 /* Products */;
			projectDirPath = "";
			projectRoot = "";
			targets = (
				0F6F9F5E1F6FCAE400B5F0F3 /* SnapChat */,
			);
		};
/* End PBXProject section */

/* Begin PBXResourcesBuildPhase section */
		0F6F9F5D1F6FCAE400B5F0F3 /* Resources */ = {
			isa = PBXResourcesBuildPhase;
			buildActionMask = 2147483647;
			files = (
				0F6F9F6D1F6FCAE400B5F0F3 /* LaunchScreen.storyboard in Resources */,
				0F6F9F751F6FF19400B5F0F3 /* GoogleService-Info.plist in Resources */,
				0F6F9F6A1F6FCAE400B5F0F3 /* Assets.xcassets in Resources */,
				0F6F9F681F6FCAE400B5F0F3 /* Main.storyboard in Resources */,
			);
			runOnlyForDeploymentPostprocessing = 0;
		};
/* End PBXResourcesBuildPhase section */

/* Begin PBXShellScriptBuildPhase section */
		2E35D48C75D5643ECE2BFD88 /* [CP] Embed Pods Frameworks */ = {
			isa = PBXShellScriptBuildPhase;
			buildActionMask = 2147483647;
			files = (
			);
			inputPaths = (
				"${SRCROOT}/Pods/Target Support Files/Pods-SnapChat/Pods-SnapChat-frameworks.sh",
				"${BUILT_PRODUCTS_DIR}/GTMSessionFetcher/GTMSessionFetcher.framework",
				"${BUILT_PRODUCTS_DIR}/GoogleToolboxForMac/GoogleToolboxForMac.framework",
				"${BUILT_PRODUCTS_DIR}/leveldb-library/leveldb.framework",
				"${BUILT_PRODUCTS_DIR}/nanopb/nanopb.framework",
			);
			name = "[CP] Embed Pods Frameworks";
			outputPaths = (
				"${TARGET_BUILD_DIR}/${FRAMEWORKS_FOLDER_PATH}/GTMSessionFetcher.framework",
				"${TARGET_BUILD_DIR}/${FRAMEWORKS_FOLDER_PATH}/GoogleToolboxForMac.framework",
				"${TARGET_BUILD_DIR}/${FRAMEWORKS_FOLDER_PATH}/leveldb.framework",
				"${TARGET_BUILD_DIR}/${FRAMEWORKS_FOLDER_PATH}/nanopb.framework",
			);
			runOnlyForDeploymentPostprocessing = 0;
			shellPath = /bin/sh;
			shellScript = "\"${SRCROOT}/Pods/Target Support Files/Pods-SnapChat/Pods-SnapChat-frameworks.sh\"\n";
			showEnvVarsInLog = 0;
		};
		96AF6A6664251EFDB47A0C44 /* [CP] Copy Pods Resources */ = {
			isa = PBXShellScriptBuildPhase;
			buildActionMask = 2147483647;
			files = (
			);
			inputPaths = (
			);
			name = "[CP] Copy Pods Resources";
			outputPaths = (
			);
			runOnlyForDeploymentPostprocessing = 0;
			shellPath = /bin/sh;
			shellScript = "\"${SRCROOT}/Pods/Target Support Files/Pods-SnapChat/Pods-SnapChat-resources.sh\"\n";
			showEnvVarsInLog = 0;
		};
		A30D0AF37FEDC62749E18DAF /* [CP] Check Pods Manifest.lock */ = {
			isa = PBXShellScriptBuildPhase;
			buildActionMask = 2147483647;
			files = (
			);
			inputPaths = (
				"${PODS_PODFILE_DIR_PATH}/Podfile.lock",
				"${PODS_ROOT}/Manifest.lock",
			);
			name = "[CP] Check Pods Manifest.lock";
			outputPaths = (
				"$(DERIVED_FILE_DIR)/Pods-SnapChat-checkManifestLockResult.txt",
			);
			runOnlyForDeploymentPostprocessing = 0;
			shellPath = /bin/sh;
			shellScript = "diff \"${PODS_PODFILE_DIR_PATH}/Podfile.lock\" \"${PODS_ROOT}/Manifest.lock\" > /dev/null\nif [ $? != 0 ] ; then\n    # print error to STDERR\n    echo \"error: The sandbox is not in sync with the Podfile.lock. Run 'pod install' or update your CocoaPods installation.\" >&2\n    exit 1\nfi\n# This output is used by Xcode 'outputs' to avoid re-running this script phase.\necho \"SUCCESS\" > \"${SCRIPT_OUTPUT_FILE_0}\"\n";
			showEnvVarsInLog = 0;
		};
/* End PBXShellScriptBuildPhase section */

/* Begin PBXSourcesBuildPhase section */
		0F6F9F5B1F6FCAE400B5F0F3 /* Sources */ = {
			isa = PBXSourcesBuildPhase;
			buildActionMask = 2147483647;
			files = (
				0F6F9F651F6FCAE400B5F0F3 /* SignInViewController.swift in Sources */,
				0F6F9F631F6FCAE400B5F0F3 /* AppDelegate.swift in Sources */,
			);
			runOnlyForDeploymentPostprocessing = 0;
		};
/* End PBXSourcesBuildPhase section */

/* Begin PBXVariantGroup section */
		0F6F9F661F6FCAE400B5F0F3 /* Main.storyboard */ = {
			isa = PBXVariantGroup;
			children = (
				0F6F9F671F6FCAE400B5F0F3 /* Base */,
			);
			name = Main.storyboard;
			sourceTree = "<group>";
		};
		0F6F9F6B1F6FCAE400B5F0F3 /* LaunchScreen.storyboard */ = {
			isa = PBXVariantGroup;
			children = (
				0F6F9F6C1F6FCAE400B5F0F3 /* Base */,
			);
			name = LaunchScreen.storyboard;
			sourceTree = "<group>";
		};
/* End PBXVariantGroup section */

/* Begin XCBuildConfiguration section */
		0F6F9F6F1F6FCAE400B5F0F3 /* Debug */ = {
			isa = XCBuildConfiguration;
			buildSettings = {
				ALWAYS_SEARCH_USER_PATHS = NO;
				CLANG_ANALYZER_NONNULL = YES;
				CLANG_ANALYZER_NUMBER_OBJECT_CONVERSION = YES_AGGRESSIVE;
				CLANG_CXX_LANGUAGE_STANDARD = "gnu++0x";
				CLANG_CXX_LIBRARY = "libc++";
				CLANG_ENABLE_MODULES = YES;
				CLANG_ENABLE_OBJC_ARC = YES;
				CLANG_WARN_BOOL_CONVERSION = YES;
				CLANG_WARN_CONSTANT_CONVERSION = YES;
				CLANG_WARN_DIRECT_OBJC_ISA_USAGE = YES_ERROR;
				CLANG_WARN_DOCUMENTATION_COMMENTS = YES;
				CLANG_WARN_EMPTY_BODY = YES;
				CLANG_WARN_ENUM_CONVERSION = YES;
				CLANG_WARN_INFINITE_RECURSION = YES;
				CLANG_WARN_INT_CONVERSION = YES;
				CLANG_WARN_OBJC_ROOT_CLASS = YES_ERROR;
				CLANG_WARN_SUSPICIOUS_MOVE = YES;
				CLANG_WARN_UNREACHABLE_CODE = YES;
				CLANG_WARN__DUPLICATE_METHOD_MATCH = YES;
				"CODE_SIGN_IDENTITY[sdk=iphoneos*]" = "iPhone Developer";
				COPY_PHASE_STRIP = NO;
				DEBUG_INFORMATION_FORMAT = dwarf;
				ENABLE_STRICT_OBJC_MSGSEND = YES;
				ENABLE_TESTABILITY = YES;
				GCC_C_LANGUAGE_STANDARD = gnu99;
				GCC_DYNAMIC_NO_PIC = NO;
				GCC_NO_COMMON_BLOCKS = YES;
				GCC_OPTIMIZATION_LEVEL = 0;
				GCC_PREPROCESSOR_DEFINITIONS = (
					"DEBUG=1",
					"$(inherited)",
				);
				GCC_WARN_64_TO_32_BIT_CONVERSION = YES;
				GCC_WARN_ABOUT_RETURN_TYPE = YES_ERROR;
				GCC_WARN_UNDECLARED_SELECTOR = YES;
				GCC_WARN_UNINITIALIZED_AUTOS = YES_AGGRESSIVE;
				GCC_WARN_UNUSED_FUNCTION = YES;
				GCC_WARN_UNUSED_VARIABLE = YES;
				IPHONEOS_DEPLOYMENT_TARGET = 10.3;
				MTL_ENABLE_DEBUG_INFO = YES;
				ONLY_ACTIVE_ARCH = YES;
				SDKROOT = iphoneos;
				SWIFT_ACTIVE_COMPILATION_CONDITIONS = DEBUG;
				SWIFT_OPTIMIZATION_LEVEL = "-Onone";
				TARGETED_DEVICE_FAMILY = "1,2";
			};
			name = Debug;
		};
		0F6F9F701F6FCAE400B5F0F3 /* Release */ = {
			isa = XCBuildConfiguration;
			buildSettings = {
				ALWAYS_SEARCH_USER_PATHS = NO;
				CLANG_ANALYZER_NONNULL = YES;
				CLANG_ANALYZER_NUMBER_OBJECT_CONVERSION = YES_AGGRESSIVE;
				CLANG_CXX_LANGUAGE_STANDARD = "gnu++0x";
				CLANG_CXX_LIBRARY = "libc++";
				CLANG_ENABLE_MODULES = YES;
				CLANG_ENABLE_OBJC_ARC = YES;
				CLANG_WARN_BOOL_CONVERSION = YES;
				CLANG_WARN_CONSTANT_CONVERSION = YES;
				CLANG_WARN_DIRECT_OBJC_ISA_USAGE = YES_ERROR;
				CLANG_WARN_DOCUMENTATION_COMMENTS = YES;
				CLANG_WARN_EMPTY_BODY = YES;
				CLANG_WARN_ENUM_CONVERSION = YES;
				CLANG_WARN_INFINITE_RECURSION = YES;
				CLANG_WARN_INT_CONVERSION = YES;
				CLANG_WARN_OBJC_ROOT_CLASS = YES_ERROR;
				CLANG_WARN_SUSPICIOUS_MOVE = YES;
				CLANG_WARN_UNREACHABLE_CODE = YES;
				CLANG_WARN__DUPLICATE_METHOD_MATCH = YES;
				"CODE_SIGN_IDENTITY[sdk=iphoneos*]" = "iPhone Developer";
				COPY_PHASE_STRIP = NO;
				DEBUG_INFORMATION_FORMAT = "dwarf-with-dsym";
				ENABLE_NS_ASSERTIONS = NO;
				ENABLE_STRICT_OBJC_MSGSEND = YES;
				GCC_C_LANGUAGE_STANDARD = gnu99;
				GCC_NO_COMMON_BLOCKS = YES;
				GCC_WARN_64_TO_32_BIT_CONVERSION = YES;
				GCC_WARN_ABOUT_RETURN_TYPE = YES_ERROR;
				GCC_WARN_UNDECLARED_SELECTOR = YES;
				GCC_WARN_UNINITIALIZED_AUTOS = YES_AGGRESSIVE;
				GCC_WARN_UNUSED_FUNCTION = YES;
				GCC_WARN_UNUSED_VARIABLE = YES;
				IPHONEOS_DEPLOYMENT_TARGET = 10.3;
				MTL_ENABLE_DEBUG_INFO = NO;
				SDKROOT = iphoneos;
				SWIFT_OPTIMIZATION_LEVEL = "-Owholemodule";
				TARGETED_DEVICE_FAMILY = "1,2";
				VALIDATE_PRODUCT = YES;
			};
			name = Release;
		};
		0F6F9F721F6FCAE400B5F0F3 /* Debug */ = {
			isa = XCBuildConfiguration;
			baseConfigurationReference = 9986AA70005F9DFCD3327CAF /* Pods-SnapChat.debug.xcconfig */;
			buildSettings = {
				ASSETCATALOG_COMPILER_APPICON_NAME = AppIcon;
				DEVELOPMENT_TEAM = TG7VCJP2SB;
				INFOPLIST_FILE = SnapChat/Info.plist;
				LD_RUNPATH_SEARCH_PATHS = "$(inherited) @executable_path/Frameworks";
				PRODUCT_BUNDLE_IDENTIFIER = "com.ZND-Code.SnapChat";
				PRODUCT_NAME = "$(TARGET_NAME)";
				SWIFT_VERSION = 3.0;
			};
			name = Debug;
		};
		0F6F9F731F6FCAE400B5F0F3 /* Release */ = {
			isa = XCBuildConfiguration;
			baseConfigurationReference = 52957890A2D5E8584875F2B7 /* Pods-SnapChat.release.xcconfig */;
			buildSettings = {
				ASSETCATALOG_COMPILER_APPICON_NAME = AppIcon;
				DEVELOPMENT_TEAM = TG7VCJP2SB;
				INFOPLIST_FILE = SnapChat/Info.plist;
				LD_RUNPATH_SEARCH_PATHS = "$(inherited) @executable_path/Frameworks";
				PRODUCT_BUNDLE_IDENTIFIER = "com.ZND-Code.SnapChat";
				PRODUCT_NAME = "$(TARGET_NAME)";
				SWIFT_VERSION = 3.0;
			};
			name = Release;
		};
/* End XCBuildConfiguration section */

/* Begin XCConfigurationList section */
		0F6F9F5A1F6FCAE400B5F0F3 /* Build configuration list for PBXProject "SnapChat" */ = {
			isa = XCConfigurationList;
			buildConfigurations = (
				0F6F9F6F1F6FCAE400B5F0F3 /* Debug */,
				0F6F9F701F6FCAE400B5F0F3 /* Release */,
			);
			defaultConfigurationIsVisible = 0;
			defaultConfigurationName = Release;
		};
		0F6F9F711F6FCAE400B5F0F3 /* Build configuration list for PBXNativeTarget "SnapChat" */ = {
			isa = XCConfigurationList;
			buildConfigurations = (
				0F6F9F721F6FCAE400B5F0F3 /* Debug */,
				0F6F9F731F6FCAE400B5F0F3 /* Release */,
			);
			defaultConfigurationIsVisible = 0;
			defaultConfigurationName = Release;
		};
/* End XCConfigurationList section */
	};
	rootObject = 0F6F9F571F6FCAE400B5F0F3 /* Project object */;
}
